
Microsoft Visual Studio Solution File, Format Version 12.00
# Visual Studio Version 17
VisualStudioVersion = 17.14.36623.8
MinimumVisualStudioVersion = 10.0.40219.1
Project("{FAE04EC0-301F-11D3-BF4B-00C04F79EFBC}") = "EmployeeManagementSystem", "EmployeeManagementSystem\EmployeeManagementSystem.csproj", "{50FB0E89-556E-4ACA-8E86-D5E04AE616D4}"
EndProject
Project("{FAE04EC0-301F-11D3-BF4B-00C04F79EFBC}") = "LoginApplication", "LoginApplication\LoginApplication.csproj", "{21AAA8D0-8612-4957-B7F5-4CEF5F4BB557}"
EndProject
Project("{FAE04EC0-301F-11D3-BF4B-00C04F79EFBC}") = "DBConnection", "DBConnection\DBConnection.csproj", "{EE65E8C1-4B2F-4A53-AC8A-DC1CC1608352}"
EndProject
Project("{FAE04EC0-301F-11D3-BF4B-00C04F79EFBC}") = "Labs", "Labs\Labs.csproj", "{DBC63A66-A000-4D05-94D9-8E39DAA7506C}"
EndProject
Project("{2150E333-8FDC-42A3-9474-1A3956D46DE8}") = "ADO.net", "ADO.net", "{02EA681E-C7D8-13C7-8484-4AC65E1B71E8}"
EndProject
Project("{2150E333-8FDC-42A3-9474-1A3956D46DE8}") = "StudentManagementConsoleApp", "StudentManagementConsoleApp", "{53E360BF-982E-4015-921C-43C8F7E0A421}"
EndProject
Project("{FAE04EC0-301F-11D3-BF4B-00C04F79EFBC}") = "StudentManagementSystem", "StudentManagement\StudentManagementSystem.csproj", "{DA4BB43F-AEC8-4A0F-AB68-0A0F8B082CB2}"
EndProject
Project("{2150E333-8FDC-42A3-9474-1A3956D46DE8}") = "DB_Connection", "DB_Connection", "{F504F83B-959C-4EFA-91FA-03206568CD1F}"
EndProject
Project("{2150E333-8FDC-42A3-9474-1A3956D46DE8}") = "Lab", "Lab", "{5097F983-6B59-4715-8CE2-6D0F791AF48F}"
EndProject
Project("{2150E333-8FDC-42A3-9474-1A3956D46DE8}") = "ASP.NET WEB FORMS", "ASP.NET WEB FORMS", "{8F6258A8-6CAC-4101-8302-6AB026F2D386}"
EndProject
Project("{2150E333-8FDC-42A3-9474-1A3956D46DE8}") = "Practice", "Practice", "{FB27FF7A-532C-4246-B007-0940E8511F4B}"
EndProject
Project("{FAE04EC0-301F-11D3-BF4B-00C04F79EFBC}") = "Controls", "Controls\Controls.csproj", "{7F0C818D-2BC5-459E-B70F-FB68C6B813E7}"
EndProject
Project("{FAE04EC0-301F-11D3-BF4B-00C04F79EFBC}") = "ADOPractice", "ADOPractice\ADOPractice.csproj", "{33F65937-36D3-44C6-961F-C1429CE71549}"
EndProject
Project("{FAE04EC0-301F-11D3-BF4B-00C04F79EFBC}") = "ASPWebFormStudentManagementSystem", "ASPWebFormStudentManagementSystem\ASPWebFormStudentManagementSystem.csproj", "{6B194898-2B9B-4123-8F13-EA4FA760D2B1}"
EndProject
Project("{FAE04EC0-301F-11D3-BF4B-00C04F79EFBC}") = "ReadOnlyClass", "ReadOnlyClass\ReadOnlyClass.csproj", "{545BB2FC-1D38-41D0-965C-E1C0E5E2FC75}"
EndProject
Global
	GlobalSection(SolutionConfigurationPlatforms) = preSolution
		Debug|Any CPU = Debug|Any CPU
		Release|Any CPU = Release|Any CPU
	EndGlobalSection
	GlobalSection(ProjectConfigurationPlatforms) = postSolution
		{50FB0E89-556E-4ACA-8E86-D5E04AE616D4}.Debug|Any CPU.ActiveCfg = Debug|Any CPU
		{50FB0E89-556E-4ACA-8E86-D5E04AE616D4}.Debug|Any CPU.Build.0 = Debug|Any CPU
		{50FB0E89-556E-4ACA-8E86-D5E04AE616D4}.Release|Any CPU.ActiveCfg = Release|Any CPU
		{50FB0E89-556E-4ACA-8E86-D5E04AE616D4}.Release|Any CPU.Build.0 = Release|Any CPU
		{21AAA8D0-8612-4957-B7F5-4CEF5F4BB557}.Debug|Any CPU.ActiveCfg = Debug|Any CPU
		{21AAA8D0-8612-4957-B7F5-4CEF5F4BB557}.Debug|Any CPU.Build.0 = Debug|Any CPU
		{21AAA8D0-8612-4957-B7F5-4CEF5F4BB557}.Release|Any CPU.ActiveCfg = Release|Any CPU
		{21AAA8D0-8612-4957-B7F5-4CEF5F4BB557}.Release|Any CPU.Build.0 = Release|Any CPU
		{EE65E8C1-4B2F-4A53-AC8A-DC1CC1608352}.Debug|Any CPU.ActiveCfg = Debug|Any CPU
		{EE65E8C1-4B2F-4A53-AC8A-DC1CC1608352}.Debug|Any CPU.Build.0 = Debug|Any CPU
		{EE65E8C1-4B2F-4A53-AC8A-DC1CC1608352}.Release|Any CPU.ActiveCfg = Release|Any CPU
		{EE65E8C1-4B2F-4A53-AC8A-DC1CC1608352}.Release|Any CPU.Build.0 = Release|Any CPU
		{DBC63A66-A000-4D05-94D9-8E39DAA7506C}.Debug|Any CPU.ActiveCfg = Debug|Any CPU
		{DBC63A66-A000-4D05-94D9-8E39DAA7506C}.Debug|Any CPU.Build.0 = Debug|Any CPU
		{DBC63A66-A000-4D05-94D9-8E39DAA7506C}.Release|Any CPU.ActiveCfg = Release|Any CPU
		{DBC63A66-A000-4D05-94D9-8E39DAA7506C}.Release|Any CPU.Build.0 = Release|Any CPU
		{DA4BB43F-AEC8-4A0F-AB68-0A0F8B082CB2}.Debug|Any CPU.ActiveCfg = Debug|Any CPU
		{DA4BB43F-AEC8-4A0F-AB68-0A0F8B082CB2}.Debug|Any CPU.Build.0 = Debug|Any CPU
		{DA4BB43F-AEC8-4A0F-AB68-0A0F8B082CB2}.Release|Any CPU.ActiveCfg = Release|Any CPU
		{DA4BB43F-AEC8-4A0F-AB68-0A0F8B082CB2}.Release|Any CPU.Build.0 = Release|Any CPU
		{7F0C818D-2BC5-459E-B70F-FB68C6B813E7}.Debug|Any CPU.ActiveCfg = Debug|Any CPU
		{7F0C818D-2BC5-459E-B70F-FB68C6B813E7}.Debug|Any CPU.Build.0 = Debug|Any CPU
		{7F0C818D-2BC5-459E-B70F-FB68C6B813E7}.Release|Any CPU.ActiveCfg = Release|Any CPU
		{7F0C818D-2BC5-459E-B70F-FB68C6B813E7}.Release|Any CPU.Build.0 = Release|Any CPU
		{33F65937-36D3-44C6-961F-C1429CE71549}.Debug|Any CPU.ActiveCfg = Debug|Any CPU
		{33F65937-36D3-44C6-961F-C1429CE71549}.Debug|Any CPU.Build.0 = Debug|Any CPU
		{33F65937-36D3-44C6-961F-C1429CE71549}.Release|Any CPU.ActiveCfg = Release|Any CPU
		{33F65937-36D3-44C6-961F-C1429CE71549}.Release|Any CPU.Build.0 = Release|Any CPU
		{6B194898-2B9B-4123-8F13-EA4FA760D2B1}.Debug|Any CPU.ActiveCfg = Debug|Any CPU
		{6B194898-2B9B-4123-8F13-EA4FA760D2B1}.Debug|Any CPU.Build.0 = Debug|Any CPU
		{6B194898-2B9B-4123-8F13-EA4FA760D2B1}.Release|Any CPU.ActiveCfg = Release|Any CPU
		{6B194898-2B9B-4123-8F13-EA4FA760D2B1}.Release|Any CPU.Build.0 = Release|Any CPU
		{545BB2FC-1D38-41D0-965C-E1C0E5E2FC75}.Debug|Any CPU.ActiveCfg = Debug|Any CPU
		{545BB2FC-1D38-41D0-965C-E1C0E5E2FC75}.Debug|Any CPU.Build.0 = Debug|Any CPU
		{545BB2FC-1D38-41D0-965C-E1C0E5E2FC75}.Release|Any CPU.ActiveCfg = Release|Any CPU
		{545BB2FC-1D38-41D0-965C-E1C0E5E2FC75}.Release|Any CPU.Build.0 = Release|Any CPU
	EndGlobalSection
	GlobalSection(SolutionProperties) = preSolution
		HideSolutionNode = FALSE
	EndGlobalSection
	GlobalSection(NestedProjects) = preSolution
		{EE65E8C1-4B2F-4A53-AC8A-DC1CC1608352} = {F504F83B-959C-4EFA-91FA-03206568CD1F}
		{DBC63A66-A000-4D05-94D9-8E39DAA7506C} = {5097F983-6B59-4715-8CE2-6D0F791AF48F}
		{53E360BF-982E-4015-921C-43C8F7E0A421} = {02EA681E-C7D8-13C7-8484-4AC65E1B71E8}
		{DA4BB43F-AEC8-4A0F-AB68-0A0F8B082CB2} = {53E360BF-982E-4015-921C-43C8F7E0A421}
		{F504F83B-959C-4EFA-91FA-03206568CD1F} = {02EA681E-C7D8-13C7-8484-4AC65E1B71E8}
		{FB27FF7A-532C-4246-B007-0940E8511F4B} = {8F6258A8-6CAC-4101-8302-6AB026F2D386}
		{7F0C818D-2BC5-459E-B70F-FB68C6B813E7} = {FB27FF7A-532C-4246-B007-0940E8511F4B}
		{33F65937-36D3-44C6-961F-C1429CE71549} = {F504F83B-959C-4EFA-91FA-03206568CD1F}
		{6B194898-2B9B-4123-8F13-EA4FA760D2B1} = {8F6258A8-6CAC-4101-8302-6AB026F2D386}
	EndGlobalSection
	GlobalSection(ExtensibilityGlobals) = postSolution
		SolutionGuid = {EDCC1D5D-2422-4A1A-9912-3C092BD4FBFA}
	EndGlobalSection
EndGlobal
